lockfileVersion: 5.4

specifiers:
  '@types/node': 18.14.0
  '@types/react': 18.0.28
  '@types/react-dom': 18.0.11
  next: canary
  react: 18.2.0
  react-dom: 18.2.0
  typescript: 4.9.5

dependencies:
  '@types/node': 18.14.0
  '@types/react': 18.0.28
  '@types/react-dom': 18.0.11
  next: 13.1.7-canary.21_biqbaboplfbrettd7655fr4n2y
  react: 18.2.0
  react-dom: 18.2.0_react@18.2.0
  typescript: 4.9.5

packages:

  /@next/env/13.1.7-canary.21:
    resolution: {integrity: sha512-w5ZByxFUXzAC15KwVaOQ2/AkD9BgM6xXxCshr7M7qZDert7Z62SevuxIqrrIFTEj5psLPTT7WHlJufY8JXLGXg==}
    dev: false

  /@next/swc-android-arm-eabi/13.1.7-canary.21:
    resolution: {integrity: sha512-DPHm1aY/+1+TgZhRJXxspKExvwIdONC6ZHCLaU8xhqKEuojZbkwYiB8wG/qukhwy/6H2G8O9jD5qzbkWZQdt8w==}
    engines: {node: '>= 10'}
    cpu: [arm]
    os: [android]
    requiresBuild: true
    dev: false
    optional: true

  /@next/swc-android-arm64/13.1.7-canary.21:
    resolution: {integrity: sha512-Oglp5AGW69iF0M7ELqzUSD2AJJZDYcF88EpxgnG43iE6NkylWZQl9aFW05C6lb4h28YALnopdN8NMQxexomXeQ==}
    engines: {node: '>= 10'}
    cpu: [arm64]
    os: [android]
    requiresBuild: true
    dev: false
    optional: true

  /@next/swc-darwin-arm64/13.1.7-canary.21:
    resolution: {integrity: sha512-SAPqhUGAco0DIIGpV0Kr7bQ3IjbDISdvGoYcY38BB7xd2Gv2TynQezNcZtX2NZ7RI30tyxRxUspIQsf958d2oQ==}
    engines: {node: '>= 10'}
    cpu: [arm64]
    os: [darwin]
    requiresBuild: true
    dev: false
    optional: true

  /@next/swc-darwin-x64/13.1.7-canary.21:
    resolution: {integrity: sha512-OinLF0EP6xWCSq8CMgqCb0KdsrjkdPp/+CNURTjFEYMc9jkp5C6lLhjVK2hIs0b9vlcsdhDmDmYYr0kxenFiuQ==}
    engines: {node: '>= 10'}
    cpu: [x64]
    os: [darwin]
    requiresBuild: true
    dev: false
    optional: true

  /@next/swc-freebsd-x64/13.1.7-canary.21:
    resolution: {integrity: sha512-OSvPwS0v9CuQQyX57stm+nGF5qXvOUISlR5HfrI4igP4dCRzJ9Fb4WSH12P75GV9fcjJxzJiDZlzaWzPh9ZJbA==}
    engines: {node: '>= 10'}
    cpu: [x64]
    os: [freebsd]
    requiresBuild: true
    dev: false
    optional: true

  /@next/swc-linux-arm-gnueabihf/13.1.7-canary.21:
    resolution: {integrity: sha512-83Frp3/WIEOrzirGYR8aCwTYhtT23IgpOZyGOruZNic8JmCZruk/c5FvekYbE+UCglsNXllZEJJ7c/Vhe4lm0A==}
    engines: {node: '>= 10'}
    cpu: [arm]
    os: [linux]
    requiresBuild: true
    dev: false
    optional: true

  /@next/swc-linux-arm64-gnu/13.1.7-canary.21:
    resolution: {integrity: sha512-REKwi3MkTHnDwwxn2rl4RkiJ/vOs2+wP0U+p0hhZeSUfBh43a/+MShZ5BLUDlM+Uec25UHp1QWMBq/EQ5TQG+g==}
    engines: {node: '>= 10'}
    cpu: [arm64]
    os: [linux]
    requiresBuild: true
    dev: false
    optional: true

  /@next/swc-linux-arm64-musl/13.1.7-canary.21:
    resolution: {integrity: sha512-FCBfNRQc3GbHku/T33zMUV3e8WQwF4FK42t0hlW0sCckkJ+0r/7J/8/3uoX621msTtYiwrndIySqoqP+jbtSyg==}
    engines: {node: '>= 10'}
    cpu: [arm64]
    os: [linux]
    requiresBuild: true
    dev: false
    optional: true

  /@next/swc-linux-x64-gnu/13.1.7-canary.21:
    resolution: {integrity: sha512-9+e/YU8kOGcKYqrDqSFztrSrF1BFoDnwn2wiev7egBRgOqYHGsG2ZScA+tZLn3at5wtCXyrbEO1NR0sFgrrHJA==}
    engines: {node: '>= 10'}
    cpu: [x64]
    os: [linux]
    requiresBuild: true
    dev: false
    optional: true

  /@next/swc-linux-x64-musl/13.1.7-canary.21:
    resolution: {integrity: sha512-XF5y8WKUJHB5uDPYiHqQ7es27wV7lw1BC9DCIzS+TbGJgUhsiSue1w3cS1YYEqxdF7kbeYNOLRwsQ/3+NsPPow==}
    engines: {node: '>= 10'}
    cpu: [x64]
    os: [linux]
    requiresBuild: true
    dev: false
    optional: true

  /@next/swc-win32-arm64-msvc/13.1.7-canary.21:
    resolution: {integrity: sha512-uJWP0qc2B+PBmedV/CF5sR9WRxrVQ1do2AV3mJLPPQqFFoG0UnTW7bRm+IT+u/MFWFmll2zsNFoXwL3utWFDEg==}
    engines: {node: '>= 10'}
    cpu: [arm64]
    os: [win32]
    requiresBuild: true
    dev: false
    optional: true

  /@next/swc-win32-ia32-msvc/13.1.7-canary.21:
    resolution: {integrity: sha512-iz/kTKBQaDxxcP/qhddZF77DLj53I/JkLiSSnkseuRI7949tPOGfmTu9JHyR8xBP+d3Br/fj9/oIQ2ipQ/U6Aw==}
    engines: {node: '>= 10'}
    cpu: [ia32]
    os: [win32]
    requiresBuild: true
    dev: false
    optional: true

  /@next/swc-win32-x64-msvc/13.1.7-canary.21:
    resolution: {integrity: sha512-jSVNfA3cTAO+cBL8RMtiXJrk1G4eGMaYmtTRs1RS15QtIrbqExzeLlDkiGFKx/QGpakgxro3t+YefETSb9QDSA==}
    engines: {node: '>= 10'}
    cpu: [x64]
    os: [win32]
    requiresBuild: true
    dev: false
    optional: true

  /@swc/helpers/0.4.14:
    resolution: {integrity: sha512-4C7nX/dvpzB7za4Ql9K81xK3HPxCpHMgwTZVyf+9JQ6VUbn9jjZVN7/Nkdz/Ugzs2CSjqnL/UPXroiVBVHUWUw==}
    dependencies:
      tslib: 2.5.0
    dev: false

  /@types/node/18.14.0:
    resolution: {integrity: sha512-5EWrvLmglK+imbCJY0+INViFWUHg1AHel1sq4ZVSfdcNqGy9Edv3UB9IIzzg+xPaUcAgZYcfVs2fBcwDeZzU0A==}
    dev: false

  /@types/prop-types/15.7.5:
    resolution: {integrity: sha512-JCB8C6SnDoQf0cNycqd/35A7MjcnK+ZTqE7judS6o7utxUCg6imJg3QK2qzHKszlTjcj2cn+NwMB2i96ubpj7w==}
    dev: false

  /@types/react-dom/18.0.11:
    resolution: {integrity: sha512-O38bPbI2CWtgw/OoQoY+BRelw7uysmXbWvw3nLWO21H1HSh+GOlqPuXshJfjmpNlKiiSDG9cc1JZAaMmVdcTlw==}
    dependencies:
      '@types/react': 18.0.28
    dev: false

  /@types/react/18.0.28:
    resolution: {integrity: sha512-RD0ivG1kEztNBdoAK7lekI9M+azSnitIn85h4iOiaLjaTrMjzslhaqCGaI4IyCJ1RljWiLCEu4jyrLLgqxBTew==}
    dependencies:
      '@types/prop-types': 15.7.5
      '@types/scheduler': 0.16.2
      csstype: 3.1.1
    dev: false

  /@types/scheduler/0.16.2:
    resolution: {integrity: sha512-hppQEBDmlwhFAXKJX2KnWLYu5yMfi91yazPb2l+lbJiwW+wdo1gNeRA+3RgNSO39WYX2euey41KEwnqesU2Jew==}
    dev: false

  /caniuse-lite/1.0.30001450:
    resolution: {integrity: sha512-qMBmvmQmFXaSxexkjjfMvD5rnDL0+m+dUMZKoDYsGG8iZN29RuYh9eRoMvKsT6uMAWlyUUGDEQGJJYjzCIO9ew==}
    dev: false

  /client-only/0.0.1:
    resolution: {integrity: sha512-IV3Ou0jSMzZrd3pZ48nLkT9DA7Ag1pnPzaiQhpW7c3RbcqqzvzzVu+L8gfqMp/8IM2MQtSiqaCxrrcfu8I8rMA==}
    dev: false

  /csstype/3.1.1:
    resolution: {integrity: sha512-DJR/VvkAvSZW9bTouZue2sSxDwdTN92uHjqeKVm+0dAqdfNykRzQ95tay8aXMBAAPpUiq4Qcug2L7neoRh2Egw==}
    dev: false

  /js-tokens/4.0.0:
    resolution: {integrity: sha512-RdJUflcE3cUzKiMqQgsCu06FPu9UdIJO0beYbPhHN4k6apgJtifcoCtT9bcxOpYBtpD2kCM6Sbzg4CausW/PKQ==}
    dev: false

  /loose-envify/1.4.0:
    resolution: {integrity: sha512-lyuxPGr/Wfhrlem2CL/UcnUc1zcqKAImBDzukY7Y5F/yQiNdko6+fRLevlw1HgMySw7f611UIY408EtxRSoK3Q==}
    hasBin: true
    dependencies:
      js-tokens: 4.0.0
    dev: false

  /nanoid/3.3.4:
    resolution: {integrity: sha512-MqBkQh/OHTS2egovRtLk45wEyNXwF+cokD+1YPf9u5VfJiRdAiRwB2froX5Co9Rh20xs4siNPm8naNotSD6RBw==}
    engines: {node: ^10 || ^12 || ^13.7 || ^14 || >=15.0.1}
    hasBin: true
    dev: false

  /next/13.1.7-canary.21_biqbaboplfbrettd7655fr4n2y:
    resolution: {integrity: sha512-uuPJG7XESnr5xupNumU61udF2ApiH+MP7Cc7CfL1zEzhqJGIEscI4BZZcv3QTSPgy9c3CNJoxuYxaa1DQ8tzmQ==}
    engines: {node: '>=14.6.0'}
    hasBin: true
    peerDependencies:
      fibers: '>= 3.1.0'
      node-sass: ^6.0.0 || ^7.0.0
      react: ^18.2.0
      react-dom: ^18.2.0
      sass: ^1.3.0
    peerDependenciesMeta:
      fibers:
        optional: true
      node-sass:
        optional: true
      sass:
        optional: true
    dependencies:
      '@next/env': 13.1.7-canary.21
      '@swc/helpers': 0.4.14
      caniuse-lite: 1.0.30001450
      postcss: 8.4.14
      react: 18.2.0
      react-dom: 18.2.0_react@18.2.0
      styled-jsx: 5.1.1_react@18.2.0
    optionalDependencies:
      '@next/swc-android-arm-eabi': 13.1.7-canary.21
      '@next/swc-android-arm64': 13.1.7-canary.21
      '@next/swc-darwin-arm64': 13.1.7-canary.21
      '@next/swc-darwin-x64': 13.1.7-canary.21
      '@next/swc-freebsd-x64': 13.1.7-canary.21
      '@next/swc-linux-arm-gnueabihf': 13.1.7-canary.21
      '@next/swc-linux-arm64-gnu': 13.1.7-canary.21
      '@next/swc-linux-arm64-musl': 13.1.7-canary.21
      '@next/swc-linux-x64-gnu': 13.1.7-canary.21
      '@next/swc-linux-x64-musl': 13.1.7-canary.21
      '@next/swc-win32-arm64-msvc': 13.1.7-canary.21
      '@next/swc-win32-ia32-msvc': 13.1.7-canary.21
      '@next/swc-win32-x64-msvc': 13.1.7-canary.21
    transitivePeerDependencies:
      - '@babel/core'
      - babel-plugin-macros
    dev: false

  /picocolors/1.0.0:
    resolution: {integrity: sha512-1fygroTLlHu66zi26VoTDv8yRgm0Fccecssto+MhsZ0D/DGW2sm8E8AjW7NU5VVTRt5GxbeZ5qBuJr+HyLYkjQ==}
    dev: false

  /postcss/8.4.14:
    resolution: {integrity: sha512-E398TUmfAYFPBSdzgeieK2Y1+1cpdxJx8yXbK/m57nRhKSmk1GB2tO4lbLBtlkfPQTDKfe4Xqv1ASWPpayPEig==}
    engines: {node: ^10 || ^12 || >=14}
    dependencies:
      nanoid: 3.3.4
      picocolors: 1.0.0
      source-map-js: 1.0.2
    dev: false

  /react-dom/18.2.0_react@18.2.0:
    resolution: {integrity: sha512-6IMTriUmvsjHUjNtEDudZfuDQUoWXVxKHhlEGSk81n4YFS+r/Kl99wXiwlVXtPBtJenozv2P+hxDsw9eA7Xo6g==}
    peerDependencies:
      react: ^18.2.0
    dependencies:
      loose-envify: 1.4.0
      react: 18.2.0
      scheduler: 0.23.0
    dev: false

  /react/18.2.0:
    resolution: {integrity: sha512-/3IjMdb2L9QbBdWiW5e3P2/npwMBaU9mHCSCUzNln0ZCYbcfTsGbTJrU/kGemdH2IWmB2ioZ+zkxtmq6g09fGQ==}
    engines: {node: '>=0.10.0'}
    dependencies:
      loose-envify: 1.4.0
    dev: false

  /scheduler/0.23.0:
    resolution: {integrity: sha512-CtuThmgHNg7zIZWAXi3AsyIzA3n4xx7aNyjwC2VJldO2LMVDhFK+63xGqq6CsJH4rTAt6/M+N4GhZiDYPx9eUw==}
    dependencies:
      loose-envify: 1.4.0
    dev: false

  /source-map-js/1.0.2:
    resolution: {integrity: sha512-R0XvVJ9WusLiqTCEiGCmICCMplcCkIwwR11mOSD9CR5u+IXYdiseeEuXCVAjS54zqwkLcPNnmU4OeJ6tUrWhDw==}
    engines: {node: '>=0.10.0'}
    dev: false

  /styled-jsx/5.1.1_react@18.2.0:
    resolution: {integrity: sha512-pW7uC1l4mBZ8ugbiZrcIsiIvVx1UmTfw7UkC3Um2tmfUq9Bhk8IiyEIPl6F8agHgjzku6j0xQEZbfA5uSgSaCw==}
    engines: {node: '>= 12.0.0'}
    peerDependencies:
      '@babel/core': '*'
      babel-plugin-macros: '*'
      react: '>= 16.8.0 || 17.x.x || ^18.0.0-0'
    peerDependenciesMeta:
      '@babel/core':
        optional: true
      babel-plugin-macros:
        optional: true
    dependencies:
      client-only: 0.0.1
      react: 18.2.0
    dev: false

  /tslib/2.5.0:
    resolution: {integrity: sha512-336iVw3rtn2BUK7ORdIAHTyxHGRIHVReokCR3XjbckJMK7ms8FysBfhLR8IXnAgy7T0PTPNBWKiH514FOW/WSg==}
    dev: false

  /typescript/4.9.5:
    resolution: {integrity: sha512-1FXk9E2Hm+QzZQ7z+McJiHL4NW1F2EzMu9Nq9i3zAaGqibafqYwCVU6WyWAuyQRRzOlxou8xZSyXLEN8oKj24g==}
    engines: {node: '>=4.2.0'}
    hasBin: true
    dev: false
