lockfileVersion: 5.4

specifiers:
  '@types/node': 18.14.0
  '@types/react': 18.0.28
  '@types/react-dom': 18.0.11
  next: canary
  react: 18.2.0
  react-dom: 18.2.0
  typescript: 4.9.5

dependencies:
  '@types/node': 18.14.0
  '@types/react': 18.0.28
  '@types/react-dom': 18.0.11
  next: 13.2.4-canary.6_biqbaboplfbrettd7655fr4n2y
  react: 18.2.0
  react-dom: 18.2.0_react@18.2.0
  typescript: 4.9.5

packages:

  /@next/env/13.2.4-canary.6:
    resolution: {integrity: sha512-LJ6sSANO6LlO3KU44jIztbFB0+I/fruajv/usXQdB7XIIUrGLD9WrgvNryaxUHivr3UMYYYkDhjDaImndenbCQ==}
    dev: false

  /@next/swc-android-arm-eabi/13.2.4-canary.6:
    resolution: {integrity: sha512-KzX5/Kfib9tv93XvscxSyxdwNJx5f3USneVONYhexkf0mqQ3Bkp4iD29RIhhbbLmXz1WZLcE+aTQ3fccddBnyQ==}
    engines: {node: '>= 10'}
    cpu: [arm]
    os: [android]
    requiresBuild: true
    dev: false
    optional: true

  /@next/swc-android-arm64/13.2.4-canary.6:
    resolution: {integrity: sha512-syKdUPeuRmtIBlYmKXKLyYdmVVvpk/lkRMAxanqWy0PxmT6BWxGEfyFTDSfLvsqmyWOZWD8y2H0u80t+wWAWGA==}
    engines: {node: '>= 10'}
    cpu: [arm64]
    os: [android]
    requiresBuild: true
    dev: false
    optional: true

  /@next/swc-darwin-arm64/13.2.4-canary.6:
    resolution: {integrity: sha512-82sxT7TrWOY8LAbRWpl4+ngVKbPXLn2HDLUOAYQ/2/9kyHxkd0kY/4PWpHnI+tBd4fgzX0PXrghMW9MRMnmYUg==}
    engines: {node: '>= 10'}
    cpu: [arm64]
    os: [darwin]
    requiresBuild: true
    dev: false
    optional: true

  /@next/swc-darwin-x64/13.2.4-canary.6:
    resolution: {integrity: sha512-cfKENPa/PEZpdo34Cz2ycuXvi9z/QPUGsM3kFoim9gK0TNxkbDy9iwEBGiB4001JJlIBjfCnbUiAbc565It6zg==}
    engines: {node: '>= 10'}
    cpu: [x64]
    os: [darwin]
    requiresBuild: true
    dev: false
    optional: true

  /@next/swc-freebsd-x64/13.2.4-canary.6:
    resolution: {integrity: sha512-CnV7R79bkHWo6SSJds3gvWt5+TnsQWLk/7neiM0FeTzIiLZf/27DS+NEJmaPPWRxO3/OGsNI2D6zCoJHM7NshA==}
    engines: {node: '>= 10'}
    cpu: [x64]
    os: [freebsd]
    requiresBuild: true
    dev: false
    optional: true

  /@next/swc-linux-arm-gnueabihf/13.2.4-canary.6:
    resolution: {integrity: sha512-iR2GF5G69pbl2XTNnFKeMwHYARn6GHGuhypIs9cOShxxUhCt9iF6RCyHHItipop4SuSbG4hkVZYPIo2DFsRANg==}
    engines: {node: '>= 10'}
    cpu: [arm]
    os: [linux]
    requiresBuild: true
    dev: false
    optional: true

  /@next/swc-linux-arm64-gnu/13.2.4-canary.6:
    resolution: {integrity: sha512-b1a8PQHpe4DD7ovd/bq31n1FkGHBTbKn0qJg1iSV8gbZddDwlczcKFQPMKqNcW6ZLjJlIZ9MmubkW1HL/ACzmA==}
    engines: {node: '>= 10'}
    cpu: [arm64]
    os: [linux]
    requiresBuild: true
    dev: false
    optional: true

  /@next/swc-linux-arm64-musl/13.2.4-canary.6:
    resolution: {integrity: sha512-HGIfFPOFuhfAqreGxUniDw7oQbEg8/thcsOxFjYE6CrmsU9uc453rMGZFtfdFVbyFCO6TITCEPDXNiCbIryG1w==}
    engines: {node: '>= 10'}
    cpu: [arm64]
    os: [linux]
    requiresBuild: true
    dev: false
    optional: true

  /@next/swc-linux-x64-gnu/13.2.4-canary.6:
    resolution: {integrity: sha512-7dzH4x9eK2HMX3ExBrlHlxQfGzrgPW7ruDQoe85ad0XKbkjSGjc3YkOahDsnXiK0/whuazliUMvXbRWXy7F6xA==}
    engines: {node: '>= 10'}
    cpu: [x64]
    os: [linux]
    requiresBuild: true
    dev: false
    optional: true

  /@next/swc-linux-x64-musl/13.2.4-canary.6:
    resolution: {integrity: sha512-WkSrHGFn7XueW7hP6KRuzLnFfCrOG2KiIlwE45TKpFEq0OFw/8zr/BCtXLF5LnJOi1G87hk2KQ/Ow+4QMPPj9g==}
    engines: {node: '>= 10'}
    cpu: [x64]
    os: [linux]
    requiresBuild: true
    dev: false
    optional: true

  /@next/swc-win32-arm64-msvc/13.2.4-canary.6:
    resolution: {integrity: sha512-SWiZD7QI3jnug1W+v0TrglNJFYUFRnO3QPvH05ILJNr1cbYftTU46HLAt38KvROuQQEEtcfRksXn72m14p1Dhg==}
    engines: {node: '>= 10'}
    cpu: [arm64]
    os: [win32]
    requiresBuild: true
    dev: false
    optional: true

  /@next/swc-win32-ia32-msvc/13.2.4-canary.6:
    resolution: {integrity: sha512-BoaUiTnab0HwD8A83MIJRqF+VNoHAxa+TWZb7rWXyb4SwxcoXMxiIas29zblbmctjV4odlHF9ULSLog+XcJ8Ww==}
    engines: {node: '>= 10'}
    cpu: [ia32]
    os: [win32]
    requiresBuild: true
    dev: false
    optional: true

  /@next/swc-win32-x64-msvc/13.2.4-canary.6:
    resolution: {integrity: sha512-NSlYeg1hbVnYsIVRgKIqjrkrzfKncnqCrhnLxrN0EuQ2XsRjrBfamcP4dPOvXXwp16XOoyHseW8wIK0ZeZlxdQ==}
    engines: {node: '>= 10'}
    cpu: [x64]
    os: [win32]
    requiresBuild: true
    dev: false
    optional: true

  /@swc/helpers/0.4.14:
    resolution: {integrity: sha512-4C7nX/dvpzB7za4Ql9K81xK3HPxCpHMgwTZVyf+9JQ6VUbn9jjZVN7/Nkdz/Ugzs2CSjqnL/UPXroiVBVHUWUw==}
    dependencies:
      tslib: 2.5.0
    dev: false

  /@types/node/18.14.0:
    resolution: {integrity: sha512-5EWrvLmglK+imbCJY0+INViFWUHg1AHel1sq4ZVSfdcNqGy9Edv3UB9IIzzg+xPaUcAgZYcfVs2fBcwDeZzU0A==}
    dev: false

  /@types/prop-types/15.7.5:
    resolution: {integrity: sha512-JCB8C6SnDoQf0cNycqd/35A7MjcnK+ZTqE7judS6o7utxUCg6imJg3QK2qzHKszlTjcj2cn+NwMB2i96ubpj7w==}
    dev: false

  /@types/react-dom/18.0.11:
    resolution: {integrity: sha512-O38bPbI2CWtgw/OoQoY+BRelw7uysmXbWvw3nLWO21H1HSh+GOlqPuXshJfjmpNlKiiSDG9cc1JZAaMmVdcTlw==}
    dependencies:
      '@types/react': 18.0.28
    dev: false

  /@types/react/18.0.28:
    resolution: {integrity: sha512-RD0ivG1kEztNBdoAK7lekI9M+azSnitIn85h4iOiaLjaTrMjzslhaqCGaI4IyCJ1RljWiLCEu4jyrLLgqxBTew==}
    dependencies:
      '@types/prop-types': 15.7.5
      '@types/scheduler': 0.16.2
      csstype: 3.1.1
    dev: false

  /@types/scheduler/0.16.2:
    resolution: {integrity: sha512-hppQEBDmlwhFAXKJX2KnWLYu5yMfi91yazPb2l+lbJiwW+wdo1gNeRA+3RgNSO39WYX2euey41KEwnqesU2Jew==}
    dev: false

  /caniuse-lite/1.0.30001450:
    resolution: {integrity: sha512-qMBmvmQmFXaSxexkjjfMvD5rnDL0+m+dUMZKoDYsGG8iZN29RuYh9eRoMvKsT6uMAWlyUUGDEQGJJYjzCIO9ew==}
    dev: false

  /client-only/0.0.1:
    resolution: {integrity: sha512-IV3Ou0jSMzZrd3pZ48nLkT9DA7Ag1pnPzaiQhpW7c3RbcqqzvzzVu+L8gfqMp/8IM2MQtSiqaCxrrcfu8I8rMA==}
    dev: false

  /csstype/3.1.1:
    resolution: {integrity: sha512-DJR/VvkAvSZW9bTouZue2sSxDwdTN92uHjqeKVm+0dAqdfNykRzQ95tay8aXMBAAPpUiq4Qcug2L7neoRh2Egw==}
    dev: false

  /js-tokens/4.0.0:
    resolution: {integrity: sha512-RdJUflcE3cUzKiMqQgsCu06FPu9UdIJO0beYbPhHN4k6apgJtifcoCtT9bcxOpYBtpD2kCM6Sbzg4CausW/PKQ==}
    dev: false

  /loose-envify/1.4.0:
    resolution: {integrity: sha512-lyuxPGr/Wfhrlem2CL/UcnUc1zcqKAImBDzukY7Y5F/yQiNdko6+fRLevlw1HgMySw7f611UIY408EtxRSoK3Q==}
    hasBin: true
    dependencies:
      js-tokens: 4.0.0
    dev: false

  /nanoid/3.3.4:
    resolution: {integrity: sha512-MqBkQh/OHTS2egovRtLk45wEyNXwF+cokD+1YPf9u5VfJiRdAiRwB2froX5Co9Rh20xs4siNPm8naNotSD6RBw==}
    engines: {node: ^10 || ^12 || ^13.7 || ^14 || >=15.0.1}
    hasBin: true
    dev: false

  /next/13.2.4-canary.6_biqbaboplfbrettd7655fr4n2y:
    resolution: {integrity: sha512-FL7nfqaB3E3VidynLAlKJKYa9CbTi36dbCwo65IzI2ZGvnW5u7HNxWV6TGsFJnjKKbP3siSraL9ZhheiL9zQEA==}
    engines: {node: '>=14.6.0'}
    hasBin: true
    peerDependencies:
      '@opentelemetry/api': ^1.4.0
      fibers: '>= 3.1.0'
      node-sass: ^6.0.0 || ^7.0.0
      react: ^18.2.0
      react-dom: ^18.2.0
      sass: ^1.3.0
    peerDependenciesMeta:
      '@opentelemetry/api':
        optional: true
      fibers:
        optional: true
      node-sass:
        optional: true
      sass:
        optional: true
    dependencies:
      '@next/env': 13.2.4-canary.6
      '@swc/helpers': 0.4.14
      caniuse-lite: 1.0.30001450
      postcss: 8.4.14
      react: 18.2.0
      react-dom: 18.2.0_react@18.2.0
      styled-jsx: 5.1.1_react@18.2.0
    optionalDependencies:
      '@next/swc-android-arm-eabi': 13.2.4-canary.6
      '@next/swc-android-arm64': 13.2.4-canary.6
      '@next/swc-darwin-arm64': 13.2.4-canary.6
      '@next/swc-darwin-x64': 13.2.4-canary.6
      '@next/swc-freebsd-x64': 13.2.4-canary.6
      '@next/swc-linux-arm-gnueabihf': 13.2.4-canary.6
      '@next/swc-linux-arm64-gnu': 13.2.4-canary.6
      '@next/swc-linux-arm64-musl': 13.2.4-canary.6
      '@next/swc-linux-x64-gnu': 13.2.4-canary.6
      '@next/swc-linux-x64-musl': 13.2.4-canary.6
      '@next/swc-win32-arm64-msvc': 13.2.4-canary.6
      '@next/swc-win32-ia32-msvc': 13.2.4-canary.6
      '@next/swc-win32-x64-msvc': 13.2.4-canary.6
    transitivePeerDependencies:
      - '@babel/core'
      - babel-plugin-macros
    dev: false

  /picocolors/1.0.0:
    resolution: {integrity: sha512-1fygroTLlHu66zi26VoTDv8yRgm0Fccecssto+MhsZ0D/DGW2sm8E8AjW7NU5VVTRt5GxbeZ5qBuJr+HyLYkjQ==}
    dev: false

  /postcss/8.4.14:
    resolution: {integrity: sha512-E398TUmfAYFPBSdzgeieK2Y1+1cpdxJx8yXbK/m57nRhKSmk1GB2tO4lbLBtlkfPQTDKfe4Xqv1ASWPpayPEig==}
    engines: {node: ^10 || ^12 || >=14}
    dependencies:
      nanoid: 3.3.4
      picocolors: 1.0.0
      source-map-js: 1.0.2
    dev: false

  /react-dom/18.2.0_react@18.2.0:
    resolution: {integrity: sha512-6IMTriUmvsjHUjNtEDudZfuDQUoWXVxKHhlEGSk81n4YFS+r/Kl99wXiwlVXtPBtJenozv2P+hxDsw9eA7Xo6g==}
    peerDependencies:
      react: ^18.2.0
    dependencies:
      loose-envify: 1.4.0
      react: 18.2.0
      scheduler: 0.23.0
    dev: false

  /react/18.2.0:
    resolution: {integrity: sha512-/3IjMdb2L9QbBdWiW5e3P2/npwMBaU9mHCSCUzNln0ZCYbcfTsGbTJrU/kGemdH2IWmB2ioZ+zkxtmq6g09fGQ==}
    engines: {node: '>=0.10.0'}
    dependencies:
      loose-envify: 1.4.0
    dev: false

  /scheduler/0.23.0:
    resolution: {integrity: sha512-CtuThmgHNg7zIZWAXi3AsyIzA3n4xx7aNyjwC2VJldO2LMVDhFK+63xGqq6CsJH4rTAt6/M+N4GhZiDYPx9eUw==}
    dependencies:
      loose-envify: 1.4.0
    dev: false

  /source-map-js/1.0.2:
    resolution: {integrity: sha512-R0XvVJ9WusLiqTCEiGCmICCMplcCkIwwR11mOSD9CR5u+IXYdiseeEuXCVAjS54zqwkLcPNnmU4OeJ6tUrWhDw==}
    engines: {node: '>=0.10.0'}
    dev: false

  /styled-jsx/5.1.1_react@18.2.0:
    resolution: {integrity: sha512-pW7uC1l4mBZ8ugbiZrcIsiIvVx1UmTfw7UkC3Um2tmfUq9Bhk8IiyEIPl6F8agHgjzku6j0xQEZbfA5uSgSaCw==}
    engines: {node: '>= 12.0.0'}
    peerDependencies:
      '@babel/core': '*'
      babel-plugin-macros: '*'
      react: '>= 16.8.0 || 17.x.x || ^18.0.0-0'
    peerDependenciesMeta:
      '@babel/core':
        optional: true
      babel-plugin-macros:
        optional: true
    dependencies:
      client-only: 0.0.1
      react: 18.2.0
    dev: false

  /tslib/2.5.0:
    resolution: {integrity: sha512-336iVw3rtn2BUK7ORdIAHTyxHGRIHVReokCR3XjbckJMK7ms8FysBfhLR8IXnAgy7T0PTPNBWKiH514FOW/WSg==}
    dev: false

  /typescript/4.9.5:
    resolution: {integrity: sha512-1FXk9E2Hm+QzZQ7z+McJiHL4NW1F2EzMu9Nq9i3zAaGqibafqYwCVU6WyWAuyQRRzOlxou8xZSyXLEN8oKj24g==}
    engines: {node: '>=4.2.0'}
    hasBin: true
    dev: false
